
Microsoft Visual Studio Solution File, Format Version 12.00
# Visual Studio 15
VisualStudioVersion = 15.0.27130.2036
MinimumVisualStudioVersion = 10.0.40219.1
Project("{FAE04EC0-301F-11D3-BF4B-00C04F79EFBC}") = "RattyMcRatFace", "RattyMcRatFace\RattyMcRatFace.csproj", "{8A18FBCF-8CAC-482D-8AB7-08A44F0E278E}"
EndProject
Global
	GlobalSection(SolutionConfigurationPlatforms) = preSolution
		Debug|Any CPU = Debug|Any CPU
		Release|Any CPU = Release|Any CPU
	EndGlobalSection
	GlobalSection(ProjectConfigurationPlatforms) = postSolution
		{8A18FBCF-8CAC-482D-8AB7-08A44F0E278E}.Debug|Any CPU.ActiveCfg = Debug|Any CPU
		{8A18FBCF-8CAC-482D-8AB7-08A44F0E278E}.Debug|Any CPU.Build.0 = Debug|Any CPU
		{8A18FBCF-8CAC-482D-8AB7-08A44F0E278E}.Release|Any CPU.ActiveCfg = Release|Any CPU
		{8A18FBCF-8CAC-482D-8AB7-08A44F0E278E}.Release|Any CPU.Build.0 = Release|Any CPU
	EndGlobalSection
	GlobalSection(SolutionProperties) = preSolution
		HideSolutionNode = FALSE
	EndGlobalSection
	GlobalSection(ExtensibilityGlobals) = postSolution
		SolutionGuid = {DF90CCFE-8ECB-4278-A7E8-E3D68466CA07}
	EndGlobalSection
EndGlobal
